{
  "name": "smoke-test",
  "lockfileVersion": 3,
  "requires": true,
  "packages": {
    "": {
      "dependencies": {
        "pari-components": "file:../pari-components-0.1.0.tgz"
      }
    },
    "node_modules/pari-components": {
      "version": "0.1.0",
      "resolved": "file:../pari-components-0.1.0.tgz",
      "integrity": "sha512-8isywDjD9lRomAmqjARWdhgAB6FpCnDPnJ3ztczN8y7t3msRpZps4ldL2iiXmWg5Vlp7WWoLzbIZCOWjudW58g==",
      "license": "MIT",
      "engines": {
        "node": ">=18"
      }
    }
  }
}
