{
  "name": "smoke-test",
  "lockfileVersion": 3,
  "requires": true,
  "packages": {
    "": {
      "dependencies": {
        "pari-components": "file:../pari-components-0.2.0.tgz"
      }
    },
    "node_modules/pari-components": {
      "version": "0.2.0",
      "resolved": "file:../pari-components-0.2.0.tgz",
      "integrity": "sha512-wrTBASqZf4+fTIaJkCXMCkw5Q4lDH7C49LyYFOIq8auOLJyxlu5c9h7xYRHXxhzzMap0PNwtIBBh9SjtcUINmw==",
      "license": "MIT",
      "engines": {
        "node": ">=18"
      }
    }
  }
}
